
Microsoft Visual Studio Solution File, Format Version 12.00
# Visual Studio Version 17
VisualStudioVersion = 17.4.33110.190
MinimumVisualStudioVersion = 10.0.40219.1
Project("{FAE04EC0-301F-11D3-BF4B-00C04F79EFBC}") = "Common", "Common.csproj", "{99A06720-2F1D-418E-9B11-62792E6409E8}"
EndProject
Global
	GlobalSection(SolutionConfigurationPlatforms) = preSolution
		Debug|Any CPU = Debug|Any CPU
		Release|Any CPU = Release|Any CPU
	EndGlobalSection
	GlobalSection(ProjectConfigurationPlatforms) = postSolution
		{99A06720-2F1D-418E-9B11-62792E6409E8}.Debug|Any CPU.ActiveCfg = Debug|Any CPU
		{99A06720-2F1D-418E-9B11-62792E6409E8}.Debug|Any CPU.Build.0 = Debug|Any CPU
		{99A06720-2F1D-418E-9B11-62792E6409E8}.Release|Any CPU.ActiveCfg = Release|Any CPU
		{99A06720-2F1D-418E-9B11-62792E6409E8}.Release|Any CPU.Build.0 = Release|Any CPU
	EndGlobalSection
	GlobalSection(SolutionProperties) = preSolution
		HideSolutionNode = FALSE
	EndGlobalSection
	GlobalSection(ExtensibilityGlobals) = postSolution
		SolutionGuid = {BB833F14-3860-46CE-B17B-76FAB0CF66B9}
	EndGlobalSection
EndGlobal
